
Microsoft Visual Studio Solution File, Format Version 12.00
# Visual Studio Version 16
VisualStudioVersion = 16.0.29709.97
MinimumVisualStudioVersion = 10.0.40219.1
Project("{FAE04EC0-301F-11D3-BF4B-00C04F79EFBC}") = "Coolections", "Coolections.csproj", "{962583AE-C671-4B9F-B844-015677090246}"
EndProject
Project("{FAE04EC0-301F-11D3-BF4B-00C04F79EFBC}") = "Exampl", "..\Exampl\Exampl.csproj", "{65190088-8DC2-4FCF-8F7F-71D98CE4B90C}"
EndProject
Project("{FAE04EC0-301F-11D3-BF4B-00C04F79EFBC}") = "ExamplSet", "..\ExamplSet\ExamplSet.csproj", "{18451685-6504-436B-8C5C-B9199D7D1A4D}"
EndProject
Project("{FAE04EC0-301F-11D3-BF4B-00C04F79EFBC}") = "Exmp", "..\Exmp\Exmp.csproj", "{FFC7805D-653D-49AC-81A0-F634FBB20B1E}"
EndProject
Global
	GlobalSection(SolutionConfigurationPlatforms) = preSolution
		Debug|Any CPU = Debug|Any CPU
		Release|Any CPU = Release|Any CPU
	EndGlobalSection
	GlobalSection(ProjectConfigurationPlatforms) = postSolution
		{962583AE-C671-4B9F-B844-015677090246}.Debug|Any CPU.ActiveCfg = Debug|Any CPU
		{962583AE-C671-4B9F-B844-015677090246}.Debug|Any CPU.Build.0 = Debug|Any CPU
		{962583AE-C671-4B9F-B844-015677090246}.Release|Any CPU.ActiveCfg = Release|Any CPU
		{962583AE-C671-4B9F-B844-015677090246}.Release|Any CPU.Build.0 = Release|Any CPU
		{65190088-8DC2-4FCF-8F7F-71D98CE4B90C}.Debug|Any CPU.ActiveCfg = Debug|Any CPU
		{65190088-8DC2-4FCF-8F7F-71D98CE4B90C}.Debug|Any CPU.Build.0 = Debug|Any CPU
		{65190088-8DC2-4FCF-8F7F-71D98CE4B90C}.Release|Any CPU.ActiveCfg = Release|Any CPU
		{65190088-8DC2-4FCF-8F7F-71D98CE4B90C}.Release|Any CPU.Build.0 = Release|Any CPU
		{18451685-6504-436B-8C5C-B9199D7D1A4D}.Debug|Any CPU.ActiveCfg = Debug|Any CPU
		{18451685-6504-436B-8C5C-B9199D7D1A4D}.Debug|Any CPU.Build.0 = Debug|Any CPU
		{18451685-6504-436B-8C5C-B9199D7D1A4D}.Release|Any CPU.ActiveCfg = Release|Any CPU
		{18451685-6504-436B-8C5C-B9199D7D1A4D}.Release|Any CPU.Build.0 = Release|Any CPU
		{FFC7805D-653D-49AC-81A0-F634FBB20B1E}.Debug|Any CPU.ActiveCfg = Debug|Any CPU
		{FFC7805D-653D-49AC-81A0-F634FBB20B1E}.Debug|Any CPU.Build.0 = Debug|Any CPU
		{FFC7805D-653D-49AC-81A0-F634FBB20B1E}.Release|Any CPU.ActiveCfg = Release|Any CPU
		{FFC7805D-653D-49AC-81A0-F634FBB20B1E}.Release|Any CPU.Build.0 = Release|Any CPU
	EndGlobalSection
	GlobalSection(SolutionProperties) = preSolution
		HideSolutionNode = FALSE
	EndGlobalSection
	GlobalSection(ExtensibilityGlobals) = postSolution
		SolutionGuid = {22065698-266D-4CD8-8A88-1152D51BB35B}
	EndGlobalSection
EndGlobal
